// !$*UTF8*$!
{
	archiveVersion = 1;
	classes = {
	};
	objectVersion = 46;
	objects = {

/* Begin PBXBuildFile section */
		99AB6BC81A31FFCF0024059A /* AppDelegate.swift in Sources */ = {isa = PBXBuildFile; fileRef = 99AB6BC71A31FFCF0024059A /* AppDelegate.swift */; };
		99AB6BCA1A31FFCF0024059A /* ViewController.swift in Sources */ = {isa = PBXBuildFile; fileRef = 99AB6BC91A31FFCF0024059A /* ViewController.swift */; };
		99AB6BCD1A31FFCF0024059A /* Main.storyboard in Resources */ = {isa = PBXBuildFile; fileRef = 99AB6BCB1A31FFCF0024059A /* Main.storyboard */; };
		99AB6BCF1A31FFCF0024059A /* Images.xcassets in Resources */ = {isa = PBXBuildFile; fileRef = 99AB6BCE1A31FFCF0024059A /* Images.xcassets */; };
		99AB6BD21A31FFCF0024059A /* LaunchScreen.xib in Resources */ = {isa = PBXBuildFile; fileRef = 99AB6BD01A31FFCF0024059A /* LaunchScreen.xib */; };
		99AB6BDE1A31FFCF0024059A /* TTTTests.swift in Sources */ = {isa = PBXBuildFile; fileRef = 99AB6BDD1A31FFCF0024059A /* TTTTests.swift */; };
/* End PBXBuildFile section */

/* Begin PBXContainerItemProxy section */
		99AB6BD81A31FFCF0024059A /* PBXContainerItemProxy */ = {
			isa = PBXContainerItemProxy;
			containerPortal = 99AB6BBA1A31FFCF0024059A /* Project object */;
			proxyType = 1;
			remoteGlobalIDString = 99AB6BC11A31FFCF0024059A;
			remoteInfo = TTT;
		};
/* End PBXContainerItemProxy section */

/* Begin PBXFileReference section */
		99AB6BC21A31FFCF0024059A /* TTT.app */ = {isa = PBXFileReference; explicitFileType = wrapper.application; includeInIndex = 0; path = TTT.app; sourceTree = BUILT_PRODUCTS_DIR; };
		99AB6BC61A31FFCF0024059A /* Info.plist */ = {isa = PBXFileReference; lastKnownFileType = text.plist.xml; path = Info.plist; sourceTree = "<group>"; };
		99AB6BC71A31FFCF0024059A /* AppDelegate.swift */ = {isa = PBXFileReference; lastKnownFileType = sourcecode.swift; path = AppDelegate.swift; sourceTree = "<group>"; };
		99AB6BC91A31FFCF0024059A /* ViewController.swift */ = {isa = PBXFileReference; lastKnownFileType = sourcecode.swift; path = ViewController.swift; sourceTree = "<group>"; };
		99AB6BCC1A31FFCF0024059A /* Base */ = {isa = PBXFileReference; lastKnownFileType = file.storyboard; name = Base; path = Base.lproj/Main.storyboard; sourceTree = "<group>"; };
		99AB6BCE1A31FFCF0024059A /* Images.xcassets */ = {isa = PBXFileReference; lastKnownFileType = folder.assetcatalog; path = Images.xcassets; sourceTree = "<group>"; };
		99AB6BD11A31FFCF0024059A /* Base */ = {isa = PBXFileReference; lastKnownFileType = file.xib; name = Base; path = Base.lproj/LaunchScreen.xib; sourceTree = "<group>"; };
		99AB6BD71A31FFCF0024059A /* TTTTests.xctest */ = {isa = PBXFileReference; explicitFileType = wrapper.cfbundle; includeInIndex = 0; path = TTTTests.xctest; sourceTree = BUILT_PRODUCTS_DIR; };
		99AB6BDC1A31FFCF0024059A /* Info.plist */ = {isa = PBXFileReference; lastKnownFileType = text.plist.xml; path = Info.plist; sourceTree = "<group>"; };
		99AB6BDD1A31FFCF0024059A /* TTTTests.swift */ = {isa = PBXFileReference; lastKnownFileType = sourcecode.swift; path = TTTTests.swift; sourceTree = "<group>"; };
/* End PBXFileReference section */

/* Begin PBXFrameworksBuildPhase section */
		99AB6BBF1A31FFCF0024059A /* Frameworks */ = {
			isa = PBXFrameworksBuildPhase;
			buildActionMask = 2147483647;
			files = (
			);
			runOnlyForDeploymentPostprocessing = 0;
		};
		99AB6BD41A31FFCF0024059A /* Frameworks */ = {
			isa = PBXFrameworksBuildPhase;
			buildActionMask = 2147483647;
			files = (
			);
			runOnlyForDeploymentPostprocessing = 0;
		};
/* End PBXFrameworksBuildPhase section */

/* Begin PBXGroup section */
		99AB6BB91A31FFCF0024059A = {
			isa = PBXGroup;
			children = (
				99AB6BC41A31FFCF0024059A /* TTT */,
				99AB6BDA1A31FFCF0024059A /* TTTTests */,
				99AB6BC31A31FFCF0024059A /* Products */,
			);
			sourceTree = "<group>";
		};
		99AB6BC31A31FFCF0024059A /* Products */ = {
			isa = PBXGroup;
			children = (
				99AB6BC21A31FFCF0024059A /* TTT.app */,
				99AB6BD71A31FFCF0024059A /* TTTTests.xctest */,
			);
			name = Products;
			sourceTree = "<group>";
		};
		99AB6BC41A31FFCF0024059A /* TTT */ = {
			isa = PBXGroup;
			children = (
				99AB6BC71A31FFCF0024059A /* AppDelegate.swift */,
				99AB6BC91A31FFCF0024059A /* ViewController.swift */,
				99AB6BCB1A31FFCF0024059A /* Main.storyboard */,
				99AB6BCE1A31FFCF0024059A /* Images.xcassets */,
				99AB6BD01A31FFCF0024059A /* LaunchScreen.xib */,
				99AB6BC51A31FFCF0024059A /* Supporting Files */,
			);
			path = TTT;
			sourceTree = "<group>";
		};
		99AB6BC51A31FFCF0024059A /* Supporting Files */ = {
			isa = PBXGroup;
			children = (
				99AB6BC61A31FFCF0024059A /* Info.plist */,
			);
			name = "Supporting Files";
			sourceTree = "<group>";
		};
		99AB6BDA1A31FFCF0024059A /* TTTTests */ = {
			isa = PBXGroup;
			children = (
				99AB6BDD1A31FFCF0024059A /* TTTTests.swift */,
				99AB6BDB1A31FFCF0024059A /* Supporting Files */,
			);
			path = TTTTests;
			sourceTree = "<group>";
		};
		99AB6BDB1A31FFCF0024059A /* Supporting Files */ = {
			isa = PBXGroup;
			children = (
				99AB6BDC1A31FFCF0024059A /* Info.plist */,
			);
			name = "Supporting Files";
			sourceTree = "<group>";
		};
/* End PBXGroup section */

/* Begin PBXNativeTarget section */
		99AB6BC11A31FFCF0024059A /* TTT */ = {
			isa = PBXNativeTarget;
			buildConfigurationList = 99AB6BE11A31FFCF0024059A /* Build configuration list for PBXNativeTarget "TTT" */;
			buildPhases = (
				99AB6BBE1A31FFCF0024059A /* Sources */,
				99AB6BBF1A31FFCF0024059A /* Frameworks */,
				99AB6BC01A31FFCF0024059A /* Resources */,
			);
			buildRules = (
			);
			dependencies = (
			);
			name = TTT;
			productName = TTT;
			productReference = 99AB6BC21A31FFCF0024059A /* TTT.app */;
			productType = "com.apple.product-type.application";
		};
		99AB6BD61A31FFCF0024059A /* TTTTests */ = {
			isa = PBXNativeTarget;
			buildConfigurationList = 99AB6BE41A31FFCF0024059A /* Build configuration list for PBXNativeTarget "TTTTests" */;
			buildPhases = (
				99AB6BD31A31FFCF0024059A /* Sources */,
				99AB6BD41A31FFCF0024059A /* Frameworks */,
				99AB6BD51A31FFCF0024059A /* Resources */,
			);
			buildRules = (
			);
			dependencies = (
				99AB6BD91A31FFCF0024059A /* PBXTargetDependency */,
			);
			name = TTTTests;
			productName = TTTTests;
			productReference = 99AB6BD71A31FFCF0024059A /* TTTTests.xctest */;
			productType = "com.apple.product-type.bundle.unit-test";
		};
/* End PBXNativeTarget section */

/* Begin PBXProject section */
		99AB6BBA1A31FFCF0024059A /* Project object */ = {
			isa = PBXProject;
			attributes = {
				LastUpgradeCheck = 0610;
				ORGANIZATIONNAME = MattF;
				TargetAttributes = {
					99AB6BC11A31FFCF0024059A = {
						CreatedOnToolsVersion = 6.1;
					};
					99AB6BD61A31FFCF0024059A = {
						CreatedOnToolsVersion = 6.1;
						TestTargetID = 99AB6BC11A31FFCF0024059A;
					};
				};
			};
			buildConfigurationList = 99AB6BBD1A31FFCF0024059A /* Build configuration list for PBXProject "TTT" */;
			compatibilityVersion = "Xcode 3.2";
			developmentRegion = English;
			hasScannedForEncodings = 0;
			knownRegions = (
				en,
				Base,
			);
			mainGroup = 99AB6BB91A31FFCF0024059A;
			productRefGroup = 99AB6BC31A31FFCF0024059A /* Products */;
			projectDirPath = "";
			projectRoot = "";
			targets = (
				99AB6BC11A31FFCF0024059A /* TTT */,
				99AB6BD61A31FFCF0024059A /* TTTTests */,
			);
		};
/* End PBXProject section */

/* Begin PBXResourcesBuildPhase section */
		99AB6BC01A31FFCF0024059A /* Resources */ = {
			isa = PBXResourcesBuildPhase;
			buildActionMask = 2147483647;
			files = (
				99AB6BCD1A31FFCF0024059A /* Main.storyboard in Resources */,
				99AB6BD21A31FFCF0024059A /* LaunchScreen.xib in Resources */,
				99AB6BCF1A31FFCF0024059A /* Images.xcassets in Resources */,
			);
			runOnlyForDeploymentPostprocessing = 0;
		};
		99AB6BD51A31FFCF0024059A /* Resources */ = {
			isa = PBXResourcesBuildPhase;
			buildActionMask = 2147483647;
			files = (
			);
			runOnlyForDeploymentPostprocessing = 0;
		};
/* End PBXResourcesBuildPhase section */

/* Begin PBXSourcesBuildPhase section */
		99AB6BBE1A31FFCF0024059A /* Sources */ = {
			isa = PBXSourcesBuildPhase;
			buildActionMask = 2147483647;
			files = (
				99AB6BCA1A31FFCF0024059A /* ViewController.swift in Sources */,
				99AB6BC81A31FFCF0024059A /* AppDelegate.swift in Sources */,
			);
			runOnlyForDeploymentPostprocessing = 0;
		};
		99AB6BD31A31FFCF0024059A /* Sources */ = {
			isa = PBXSourcesBuildPhase;
			buildActionMask = 2147483647;
			files = (
				99AB6BDE1A31FFCF0024059A /* TTTTests.swift in Sources */,
			);
			runOnlyForDeploymentPostprocessing = 0;
		};
/* End PBXSourcesBuildPhase section */

/* Begin PBXTargetDependency section */
		99AB6BD91A31FFCF0024059A /* PBXTargetDependency */ = {
			isa = PBXTargetDependency;
			target = 99AB6BC11A31FFCF0024059A /* TTT */;
			targetProxy = 99AB6BD81A31FFCF0024059A /* PBXContainerItemProxy */;
		};
/* End PBXTargetDependency section */

/* Begin PBXVariantGroup section */
		99AB6BCB1A31FFCF0024059A /* Main.storyboard */ = {
			isa = PBXVariantGroup;
			children = (
				99AB6BCC1A31FFCF0024059A /* Base */,
			);
			name = Main.storyboard;
			sourceTree = "<group>";
		};
		99AB6BD01A31FFCF0024059A /* LaunchScreen.xib */ = {
			isa = PBXVariantGroup;
			children = (
				99AB6BD11A31FFCF0024059A /* Base */,
			);
			name = LaunchScreen.xib;
			sourceTree = "<group>";
		};
/* End PBXVariantGroup section */

/* Begin XCBuildConfiguration section */
		99AB6BDF1A31FFCF0024059A /* Debug */ = {
			isa = XCBuildConfiguration;
			buildSettings = {
				ALWAYS_SEARCH_USER_PATHS = NO;
				CLANG_CXX_LANGUAGE_STANDARD = "gnu++0x";
				CLANG_CXX_LIBRARY = "libc++";
				CLANG_ENABLE_MODULES = YES;
				CLANG_ENABLE_OBJC_ARC = YES;
				CLANG_WARN_BOOL_CONVERSION = YES;
				CLANG_WARN_CONSTANT_CONVERSION = YES;
				CLANG_WARN_DIRECT_OBJC_ISA_USAGE = YES_ERROR;
				CLANG_WARN_EMPTY_BODY = YES;
				CLANG_WARN_ENUM_CONVERSION = YES;
				CLANG_WARN_INT_CONVERSION = YES;
				CLANG_WARN_OBJC_ROOT_CLASS = YES_ERROR;
				CLANG_WARN_UNREACHABLE_CODE = YES;
				CLANG_WARN__DUPLICATE_METHOD_MATCH = YES;
				"CODE_SIGN_IDENTITY[sdk=iphoneos*]" = "iPhone Developer";
				COPY_PHASE_STRIP = NO;
				ENABLE_STRICT_OBJC_MSGSEND = YES;
				GCC_C_LANGUAGE_STANDARD = gnu99;
				GCC_DYNAMIC_NO_PIC = NO;
				GCC_OPTIMIZATION_LEVEL = 0;
				GCC_PREPROCESSOR_DEFINITIONS = (
					"DEBUG=1",
					"$(inherited)",
				);
				GCC_SYMBOLS_PRIVATE_EXTERN = NO;
				GCC_WARN_64_TO_32_BIT_CONVERSION = YES;
				GCC_WARN_ABOUT_RETURN_TYPE = YES_ERROR;
				GCC_WARN_UNDECLARED_SELECTOR = YES;
				GCC_WARN_UNINITIALIZED_AUTOS = YES_AGGRESSIVE;
				GCC_WARN_UNUSED_FUNCTION = YES;
				GCC_WARN_UNUSED_VARIABLE = YES;
				IPHONEOS_DEPLOYMENT_TARGET = 8.1;
				MTL_ENABLE_DEBUG_INFO = YES;
				ONLY_ACTIVE_ARCH = YES;
				SDKROOT = iphoneos;
				SWIFT_OPTIMIZATION_LEVEL = "-Onone";
				TARGETED_DEVICE_FAMILY = "1,2";
			};
			name = Debug;
		};
		99AB6BE01A31FFCF0024059A /* Release */ = {
			isa = XCBuildConfiguration;
			buildSettings = {
				ALWAYS_SEARCH_USER_PATHS = NO;
				CLANG_CXX_LANGUAGE_STANDARD = "gnu++0x";
				CLANG_CXX_LIBRARY = "libc++";
				CLANG_ENABLE_MODULES = YES;
				CLANG_ENABLE_OBJC_ARC = YES;
				CLANG_WARN_BOOL_CONVERSION = YES;
				CLANG_WARN_CONSTANT_CONVERSION = YES;
				CLANG_WARN_DIRECT_OBJC_ISA_USAGE = YES_ERROR;
				CLANG_WARN_EMPTY_BODY = YES;
				CLANG_WARN_ENUM_CONVERSION = YES;
				CLANG_WARN_INT_CONVERSION = YES;
				CLANG_WARN_OBJC_ROOT_CLASS = YES_ERROR;
				CLANG_WARN_UNREACHABLE_CODE = YES;
				CLANG_WARN__DUPLICATE_METHOD_MATCH = YES;
				"CODE_SIGN_IDENTITY[sdk=iphoneos*]" = "iPhone Developer";
				COPY_PHASE_STRIP = YES;
				ENABLE_NS_ASSERTIONS = NO;
				ENABLE_STRICT_OBJC_MSGSEND = YES;
				GCC_C_LANGUAGE_STANDARD = gnu99;
				GCC_WARN_64_TO_32_BIT_CONVERSION = YES;
				GCC_WARN_ABOUT_RETURN_TYPE = YES_ERROR;
				GCC_WARN_UNDECLARED_SELECTOR = YES;
				GCC_WARN_UNINITIALIZED_AUTOS = YES_AGGRESSIVE;
				GCC_WARN_UNUSED_FUNCTION = YES;
				GCC_WARN_UNUSED_VARIABLE = YES;
				IPHONEOS_DEPLOYMENT_TARGET = 8.1;
				MTL_ENABLE_DEBUG_INFO = NO;
				SDKROOT = iphoneos;
				TARGETED_DEVICE_FAMILY = "1,2";
				VALIDATE_PRODUCT = YES;
			};
			name = Release;
		};
		99AB6BE21A31FFCF0024059A /* Debug */ = {
			isa = XCBuildConfiguration;
			buildSettings = {
				ASSETCATALOG_COMPILER_APPICON_NAME = AppIcon;
				INFOPLIST_FILE = TTT/Info.plist;
				LD_RUNPATH_SEARCH_PATHS = "$(inherited) @executable_path/Frameworks";
				PRODUCT_NAME = "$(TARGET_NAME)";
			};
			name = Debug;
		};
		99AB6BE31A31FFCF0024059A /* Release */ = {
			isa = XCBuildConfiguration;
			buildSettings = {
				ASSETCATALOG_COMPILER_APPICON_NAME = AppIcon;
				INFOPLIST_FILE = TTT/Info.plist;
				LD_RUNPATH_SEARCH_PATHS = "$(inherited) @executable_path/Frameworks";
				PRODUCT_NAME = "$(TARGET_NAME)";
			};
			name = Release;
		};
		99AB6BE51A31FFCF0024059A /* Debug */ = {
			isa = XCBuildConfiguration;
			buildSettings = {
				BUNDLE_LOADER = "$(TEST_HOST)";
				FRAMEWORK_SEARCH_PATHS = (
					"$(SDKROOT)/Developer/Library/Frameworks",
					"$(inherited)",
				);
				GCC_PREPROCESSOR_DEFINITIONS = (
					"DEBUG=1",
					"$(inherited)",
				);
				INFOPLIST_FILE = TTTTests/Info.plist;
				LD_RUNPATH_SEARCH_PATHS = "$(inherited) @executable_path/Frameworks @loader_path/Frameworks";
				PRODUCT_NAME = "$(TARGET_NAME)";
				TEST_HOST = "$(BUILT_PRODUCTS_DIR)/TTT.app/TTT";
			};
			name = Debug;
		};
		99AB6BE61A31FFCF0024059A /* Release */ = {
			isa = XCBuildConfiguration;
			buildSettings = {
				BUNDLE_LOADER = "$(TEST_HOST)";
				FRAMEWORK_SEARCH_PATHS = (
					"$(SDKROOT)/Developer/Library/Frameworks",
					"$(inherited)",
				);
				INFOPLIST_FILE = TTTTests/Info.plist;
				LD_RUNPATH_SEARCH_PATHS = "$(inherited) @executable_path/Frameworks @loader_path/Frameworks";
				PRODUCT_NAME = "$(TARGET_NAME)";
				TEST_HOST = "$(BUILT_PRODUCTS_DIR)/TTT.app/TTT";
			};
			name = Release;
		};
/* End XCBuildConfiguration section */

/* Begin XCConfigurationList section */
		99AB6BBD1A31FFCF0024059A /* Build configuration list for PBXProject "TTT" */ = {
			isa = XCConfigurationList;
			buildConfigurations = (
				99AB6BDF1A31FFCF0024059A /* Debug */,
				99AB6BE01A31FFCF0024059A /* Release */,
			);
			defaultConfigurationIsVisible = 0;
			defaultConfigurationName = Release;
		};
		99AB6BE11A31FFCF0024059A /* Build configuration list for PBXNativeTarget "TTT" */ = {
			isa = XCConfigurationList;
			buildConfigurations = (
				99AB6BE21A31FFCF0024059A /* Debug */,
				99AB6BE31A31FFCF0024059A /* Release */,
			);
			defaultConfigurationIsVisible = 0;
		};
		99AB6BE41A31FFCF0024059A /* Build configuration list for PBXNativeTarget "TTTTests" */ = {
			isa = XCConfigurationList;
			buildConfigurations = (
				99AB6BE51A31FFCF0024059A /* Debug */,
				99AB6BE61A31FFCF0024059A /* Release */,
			);
			defaultConfigurationIsVisible = 0;
		};
/* End XCConfigurationList section */
	};
	rootObject = 99AB6BBA1A31FFCF0024059A /* Project object */;
}
